
Microsoft Visual Studio Solution File, Format Version 12.00
# Visual Studio Version 17
VisualStudioVersion = 17.3.32929.385
MinimumVisualStudioVersion = 10.0.40219.1
Project("{FAE04EC0-301F-11D3-BF4B-00C04F79EFBC}") = "project 1", "project 1.csproj", "{A78F294C-6A1D-450B-8F56-CB7FEACE8919}"
EndProject
Global
	GlobalSection(SolutionConfigurationPlatforms) = preSolution
		Debug|Any CPU = Debug|Any CPU
		Release|Any CPU = Release|Any CPU
	EndGlobalSection
	GlobalSection(ProjectConfigurationPlatforms) = postSolution
		{A78F294C-6A1D-450B-8F56-CB7FEACE8919}.Debug|Any CPU.ActiveCfg = Debug|Any CPU
		{A78F294C-6A1D-450B-8F56-CB7FEACE8919}.Debug|Any CPU.Build.0 = Debug|Any CPU
		{A78F294C-6A1D-450B-8F56-CB7FEACE8919}.Release|Any CPU.ActiveCfg = Release|Any CPU
		{A78F294C-6A1D-450B-8F56-CB7FEACE8919}.Release|Any CPU.Build.0 = Release|Any CPU
	EndGlobalSection
	GlobalSection(SolutionProperties) = preSolution
		HideSolutionNode = FALSE
	EndGlobalSection
	GlobalSection(ExtensibilityGlobals) = postSolution
		SolutionGuid = {843E3750-8F0B-448F-8F7A-D5FE25C2C7B4}
	EndGlobalSection
EndGlobal
